// !$*UTF8*$!
{
	archiveVersion = 1;
	classes = {
	};
	objectVersion = 50;
	objects = {

/* Begin PBXBuildFile section */
		A389B27E23D9AC9600819EB1 /* CustomTimer.swift in Sources */ = {isa = PBXBuildFile; fileRef = A389B27D23D9AC9600819EB1 /* CustomTimer.swift */; };
		A3A7A93723CF8D3E00AFB4FE /* AppDelegate.swift in Sources */ = {isa = PBXBuildFile; fileRef = A3A7A93623CF8D3E00AFB4FE /* AppDelegate.swift */; };
		A3A7A93923CF8D3E00AFB4FE /* SceneDelegate.swift in Sources */ = {isa = PBXBuildFile; fileRef = A3A7A93823CF8D3E00AFB4FE /* SceneDelegate.swift */; };
		A3A7A93B23CF8D3E00AFB4FE /* ViewController.swift in Sources */ = {isa = PBXBuildFile; fileRef = A3A7A93A23CF8D3E00AFB4FE /* ViewController.swift */; };
		A3A7A93E23CF8D3E00AFB4FE /* Main.storyboard in Resources */ = {isa = PBXBuildFile; fileRef = A3A7A93C23CF8D3E00AFB4FE /* Main.storyboard */; };
		A3A7A94023CF8D4000AFB4FE /* Assets.xcassets in Resources */ = {isa = PBXBuildFile; fileRef = A3A7A93F23CF8D4000AFB4FE /* Assets.xcassets */; };
		A3A7A94323CF8D4000AFB4FE /* LaunchScreen.storyboard in Resources */ = {isa = PBXBuildFile; fileRef = A3A7A94123CF8D4000AFB4FE /* LaunchScreen.storyboard */; };
/* End PBXBuildFile section */

/* Begin PBXFileReference section */
		A389B27D23D9AC9600819EB1 /* CustomTimer.swift */ = {isa = PBXFileReference; lastKnownFileType = sourcecode.swift; path = CustomTimer.swift; sourceTree = "<group>"; };
		A3A7A93323CF8D3E00AFB4FE /* Fit&Firm.app */ = {isa = PBXFileReference; explicitFileType = wrapper.application; includeInIndex = 0; path = "Fit&Firm.app"; sourceTree = BUILT_PRODUCTS_DIR; };
		A3A7A93623CF8D3E00AFB4FE /* AppDelegate.swift */ = {isa = PBXFileReference; lastKnownFileType = sourcecode.swift; path = AppDelegate.swift; sourceTree = "<group>"; };
		A3A7A93823CF8D3E00AFB4FE /* SceneDelegate.swift */ = {isa = PBXFileReference; lastKnownFileType = sourcecode.swift; path = SceneDelegate.swift; sourceTree = "<group>"; };
		A3A7A93A23CF8D3E00AFB4FE /* ViewController.swift */ = {isa = PBXFileReference; lastKnownFileType = sourcecode.swift; path = ViewController.swift; sourceTree = "<group>"; };
		A3A7A93D23CF8D3E00AFB4FE /* Base */ = {isa = PBXFileReference; lastKnownFileType = file.storyboard; name = Base; path = Base.lproj/Main.storyboard; sourceTree = "<group>"; };
		A3A7A93F23CF8D4000AFB4FE /* Assets.xcassets */ = {isa = PBXFileReference; lastKnownFileType = folder.assetcatalog; path = Assets.xcassets; sourceTree = "<group>"; };
		A3A7A94223CF8D4000AFB4FE /* Base */ = {isa = PBXFileReference; lastKnownFileType = file.storyboard; name = Base; path = Base.lproj/LaunchScreen.storyboard; sourceTree = "<group>"; };
		A3A7A94423CF8D4000AFB4FE /* Info.plist */ = {isa = PBXFileReference; lastKnownFileType = text.plist.xml; path = Info.plist; sourceTree = "<group>"; };
/* End PBXFileReference section */

/* Begin PBXFrameworksBuildPhase section */
		A3A7A93023CF8D3E00AFB4FE /* Frameworks */ = {
			isa = PBXFrameworksBuildPhase;
			buildActionMask = 2147483647;
			files = (
			);
			runOnlyForDeploymentPostprocessing = 0;
		};
/* End PBXFrameworksBuildPhase section */

/* Begin PBXGroup section */
		A389B27B23D9A63600819EB1 /* Controller */ = {
			isa = PBXGroup;
			children = (
				A3A7A93A23CF8D3E00AFB4FE /* ViewController.swift */,
			);
			path = Controller;
			sourceTree = "<group>";
		};
		A389B27C23D9A65600819EB1 /* View */ = {
			isa = PBXGroup;
			children = (
				A3A7A93C23CF8D3E00AFB4FE /* Main.storyboard */,
			);
			path = View;
			sourceTree = "<group>";
		};
		A389B27F23D9ACB600819EB1 /* Model */ = {
			isa = PBXGroup;
			children = (
				A389B27D23D9AC9600819EB1 /* CustomTimer.swift */,
			);
			path = Model;
			sourceTree = "<group>";
		};
		A3A7A92A23CF8D3E00AFB4FE = {
			isa = PBXGroup;
			children = (
				A3A7A93523CF8D3E00AFB4FE /* Fit&Firm */,
				A3A7A93423CF8D3E00AFB4FE /* Products */,
			);
			sourceTree = "<group>";
		};
		A3A7A93423CF8D3E00AFB4FE /* Products */ = {
			isa = PBXGroup;
			children = (
				A3A7A93323CF8D3E00AFB4FE /* Fit&Firm.app */,
			);
			name = Products;
			sourceTree = "<group>";
		};
		A3A7A93523CF8D3E00AFB4FE /* Fit&Firm */ = {
			isa = PBXGroup;
			children = (
				A3A7A93623CF8D3E00AFB4FE /* AppDelegate.swift */,
				A3A7A93823CF8D3E00AFB4FE /* SceneDelegate.swift */,
				A389B27F23D9ACB600819EB1 /* Model */,
				A389B27C23D9A65600819EB1 /* View */,
				A389B27B23D9A63600819EB1 /* Controller */,
				A3A7A93F23CF8D4000AFB4FE /* Assets.xcassets */,
				A3A7A94123CF8D4000AFB4FE /* LaunchScreen.storyboard */,
				A3A7A94423CF8D4000AFB4FE /* Info.plist */,
			);
			path = "Fit&Firm";
			sourceTree = "<group>";
		};
/* End PBXGroup section */

/* Begin PBXNativeTarget section */
		A3A7A93223CF8D3E00AFB4FE /* Fit&Firm */ = {
			isa = PBXNativeTarget;
			buildConfigurationList = A3A7A94723CF8D4000AFB4FE /* Build configuration list for PBXNativeTarget "Fit&Firm" */;
			buildPhases = (
				A3A7A92F23CF8D3E00AFB4FE /* Sources */,
				A3A7A93023CF8D3E00AFB4FE /* Frameworks */,
				A3A7A93123CF8D3E00AFB4FE /* Resources */,
			);
			buildRules = (
			);
			dependencies = (
			);
			name = "Fit&Firm";
			productName = "Fit&Firm";
			productReference = A3A7A93323CF8D3E00AFB4FE /* Fit&Firm.app */;
			productType = "com.apple.product-type.application";
		};
/* End PBXNativeTarget section */

/* Begin PBXProject section */
		A3A7A92B23CF8D3E00AFB4FE /* Project object */ = {
			isa = PBXProject;
			attributes = {
				LastSwiftUpdateCheck = 1130;
				LastUpgradeCheck = 1130;
				ORGANIZATIONNAME = PMJs;
				TargetAttributes = {
					A3A7A93223CF8D3E00AFB4FE = {
						CreatedOnToolsVersion = 11.3;
					};
				};
			};
			buildConfigurationList = A3A7A92E23CF8D3E00AFB4FE /* Build configuration list for PBXProject "Fit&Firm" */;
			compatibilityVersion = "Xcode 9.3";
			developmentRegion = en;
			hasScannedForEncodings = 0;
			knownRegions = (
				en,
				Base,
			);
			mainGroup = A3A7A92A23CF8D3E00AFB4FE;
			productRefGroup = A3A7A93423CF8D3E00AFB4FE /* Products */;
			projectDirPath = "";
			projectRoot = "";
			targets = (
				A3A7A93223CF8D3E00AFB4FE /* Fit&Firm */,
			);
		};
/* End PBXProject section */

/* Begin PBXResourcesBuildPhase section */
		A3A7A93123CF8D3E00AFB4FE /* Resources */ = {
			isa = PBXResourcesBuildPhase;
			buildActionMask = 2147483647;
			files = (
				A3A7A94323CF8D4000AFB4FE /* LaunchScreen.storyboard in Resources */,
				A3A7A94023CF8D4000AFB4FE /* Assets.xcassets in Resources */,
				A3A7A93E23CF8D3E00AFB4FE /* Main.storyboard in Resources */,
			);
			runOnlyForDeploymentPostprocessing = 0;
		};
/* End PBXResourcesBuildPhase section */

/* Begin PBXSourcesBuildPhase section */
		A3A7A92F23CF8D3E00AFB4FE /* Sources */ = {
			isa = PBXSourcesBuildPhase;
			buildActionMask = 2147483647;
			files = (
				A389B27E23D9AC9600819EB1 /* CustomTimer.swift in Sources */,
				A3A7A93B23CF8D3E00AFB4FE /* ViewController.swift in Sources */,
				A3A7A93723CF8D3E00AFB4FE /* AppDelegate.swift in Sources */,
				A3A7A93923CF8D3E00AFB4FE /* SceneDelegate.swift in Sources */,
			);
			runOnlyForDeploymentPostprocessing = 0;
		};
/* End PBXSourcesBuildPhase section */

/* Begin PBXVariantGroup section */
		A3A7A93C23CF8D3E00AFB4FE /* Main.storyboard */ = {
			isa = PBXVariantGroup;
			children = (
				A3A7A93D23CF8D3E00AFB4FE /* Base */,
			);
			name = Main.storyboard;
			sourceTree = "<group>";
		};
		A3A7A94123CF8D4000AFB4FE /* LaunchScreen.storyboard */ = {
			isa = PBXVariantGroup;
			children = (
				A3A7A94223CF8D4000AFB4FE /* Base */,
			);
			name = LaunchScreen.storyboard;
			sourceTree = "<group>";
		};
/* End PBXVariantGroup section */

/* Begin XCBuildConfiguration section */
		A3A7A94523CF8D4000AFB4FE /* Debug */ = {
			isa = XCBuildConfiguration;
			buildSettings = {
				ALWAYS_SEARCH_USER_PATHS = NO;
				CLANG_ANALYZER_NONNULL = YES;
				CLANG_ANALYZER_NUMBER_OBJECT_CONVERSION = YES_AGGRESSIVE;
				CLANG_CXX_LANGUAGE_STANDARD = "gnu++14";
				CLANG_CXX_LIBRARY = "libc++";
				CLANG_ENABLE_MODULES = YES;
				CLANG_ENABLE_OBJC_ARC = YES;
				CLANG_ENABLE_OBJC_WEAK = YES;
				CLANG_WARN_BLOCK_CAPTURE_AUTORELEASING = YES;
				CLANG_WARN_BOOL_CONVERSION = YES;
				CLANG_WARN_COMMA = YES;
				CLANG_WARN_CONSTANT_CONVERSION = YES;
				CLANG_WARN_DEPRECATED_OBJC_IMPLEMENTATIONS = YES;
				CLANG_WARN_DIRECT_OBJC_ISA_USAGE = YES_ERROR;
				CLANG_WARN_DOCUMENTATION_COMMENTS = YES;
				CLANG_WARN_EMPTY_BODY = YES;
				CLANG_WARN_ENUM_CONVERSION = YES;
				CLANG_WARN_INFINITE_RECURSION = YES;
				CLANG_WARN_INT_CONVERSION = YES;
				CLANG_WARN_NON_LITERAL_NULL_CONVERSION = YES;
				CLANG_WARN_OBJC_IMPLICIT_RETAIN_SELF = YES;
				CLANG_WARN_OBJC_LITERAL_CONVERSION = YES;
				CLANG_WARN_OBJC_ROOT_CLASS = YES_ERROR;
				CLANG_WARN_RANGE_LOOP_ANALYSIS = YES;
				CLANG_WARN_STRICT_PROTOTYPES = YES;
				CLANG_WARN_SUSPICIOUS_MOVE = YES;
				CLANG_WARN_UNGUARDED_AVAILABILITY = YES_AGGRESSIVE;
				CLANG_WARN_UNREACHABLE_CODE = YES;
				CLANG_WARN__DUPLICATE_METHOD_MATCH = YES;
				COPY_PHASE_STRIP = NO;
				DEBUG_INFORMATION_FORMAT = dwarf;
				ENABLE_STRICT_OBJC_MSGSEND = YES;
				ENABLE_TESTABILITY = YES;
				GCC_C_LANGUAGE_STANDARD = gnu11;
				GCC_DYNAMIC_NO_PIC = NO;
				GCC_NO_COMMON_BLOCKS = YES;
				GCC_OPTIMIZATION_LEVEL = 0;
				GCC_PREPROCESSOR_DEFINITIONS = (
					"DEBUG=1",
					"$(inherited)",
				);
				GCC_WARN_64_TO_32_BIT_CONVERSION = YES;
				GCC_WARN_ABOUT_RETURN_TYPE = YES_ERROR;
				GCC_WARN_UNDECLARED_SELECTOR = YES;
				GCC_WARN_UNINITIALIZED_AUTOS = YES_AGGRESSIVE;
				GCC_WARN_UNUSED_FUNCTION = YES;
				GCC_WARN_UNUSED_VARIABLE = YES;
				IPHONEOS_DEPLOYMENT_TARGET = 13.2;
				MTL_ENABLE_DEBUG_INFO = INCLUDE_SOURCE;
				MTL_FAST_MATH = YES;
				ONLY_ACTIVE_ARCH = YES;
				SDKROOT = iphoneos;
				SWIFT_ACTIVE_COMPILATION_CONDITIONS = DEBUG;
				SWIFT_OPTIMIZATION_LEVEL = "-Onone";
			};
			name = Debug;
		};
		A3A7A94623CF8D4000AFB4FE /* Release */ = {
			isa = XCBuildConfiguration;
			buildSettings = {
				ALWAYS_SEARCH_USER_PATHS = NO;
				CLANG_ANALYZER_NONNULL = YES;
				CLANG_ANALYZER_NUMBER_OBJECT_CONVERSION = YES_AGGRESSIVE;
				CLANG_CXX_LANGUAGE_STANDARD = "gnu++14";
				CLANG_CXX_LIBRARY = "libc++";
				CLANG_ENABLE_MODULES = YES;
				CLANG_ENABLE_OBJC_ARC = YES;
				CLANG_ENABLE_OBJC_WEAK = YES;
				CLANG_WARN_BLOCK_CAPTURE_AUTORELEASING = YES;
				CLANG_WARN_BOOL_CONVERSION = YES;
				CLANG_WARN_COMMA = YES;
				CLANG_WARN_CONSTANT_CONVERSION = YES;
				CLANG_WARN_DEPRECATED_OBJC_IMPLEMENTATIONS = YES;
				CLANG_WARN_DIRECT_OBJC_ISA_USAGE = YES_ERROR;
				CLANG_WARN_DOCUMENTATION_COMMENTS = YES;
				CLANG_WARN_EMPTY_BODY = YES;
				CLANG_WARN_ENUM_CONVERSION = YES;
				CLANG_WARN_INFINITE_RECURSION = YES;
				CLANG_WARN_INT_CONVERSION = YES;
				CLANG_WARN_NON_LITERAL_NULL_CONVERSION = YES;
				CLANG_WARN_OBJC_IMPLICIT_RETAIN_SELF = YES;
				CLANG_WARN_OBJC_LITERAL_CONVERSION = YES;
				CLANG_WARN_OBJC_ROOT_CLASS = YES_ERROR;
				CLANG_WARN_RANGE_LOOP_ANALYSIS = YES;
				CLANG_WARN_STRICT_PROTOTYPES = YES;
				CLANG_WARN_SUSPICIOUS_MOVE = YES;
				CLANG_WARN_UNGUARDED_AVAILABILITY = YES_AGGRESSIVE;
				CLANG_WARN_UNREACHABLE_CODE = YES;
				CLANG_WARN__DUPLICATE_METHOD_MATCH = YES;
				COPY_PHASE_STRIP = NO;
				DEBUG_INFORMATION_FORMAT = "dwarf-with-dsym";
				ENABLE_NS_ASSERTIONS = NO;
				ENABLE_STRICT_OBJC_MSGSEND = YES;
				GCC_C_LANGUAGE_STANDARD = gnu11;
				GCC_NO_COMMON_BLOCKS = YES;
				GCC_WARN_64_TO_32_BIT_CONVERSION = YES;
				GCC_WARN_ABOUT_RETURN_TYPE = YES_ERROR;
				GCC_WARN_UNDECLARED_SELECTOR = YES;
				GCC_WARN_UNINITIALIZED_AUTOS = YES_AGGRESSIVE;
				GCC_WARN_UNUSED_FUNCTION = YES;
				GCC_WARN_UNUSED_VARIABLE = YES;
				IPHONEOS_DEPLOYMENT_TARGET = 13.2;
				MTL_ENABLE_DEBUG_INFO = NO;
				MTL_FAST_MATH = YES;
				SDKROOT = iphoneos;
				SWIFT_COMPILATION_MODE = wholemodule;
				SWIFT_OPTIMIZATION_LEVEL = "-O";
				VALIDATE_PRODUCT = YES;
			};
			name = Release;
		};
		A3A7A94823CF8D4000AFB4FE /* Debug */ = {
			isa = XCBuildConfiguration;
			buildSettings = {
				ASSETCATALOG_COMPILER_APPICON_NAME = AppIcon;
				CODE_SIGN_STYLE = Automatic;
				DEVELOPMENT_TEAM = W6F37622PU;
				INFOPLIST_FILE = "Fit&Firm/Info.plist";
				IPHONEOS_DEPLOYMENT_TARGET = 13.0;
				LD_RUNPATH_SEARCH_PATHS = (
					"$(inherited)",
					"@executable_path/Frameworks",
				);
				PRODUCT_BUNDLE_IDENTIFIER = "com.PMJs.Fit-Firm";
				PRODUCT_NAME = "$(TARGET_NAME)";
				SWIFT_VERSION = 5.0;
				TARGETED_DEVICE_FAMILY = "1,2";
			};
			name = Debug;
		};
		A3A7A94923CF8D4000AFB4FE /* Release */ = {
			isa = XCBuildConfiguration;
			buildSettings = {
				ASSETCATALOG_COMPILER_APPICON_NAME = AppIcon;
				CODE_SIGN_STYLE = Automatic;
				DEVELOPMENT_TEAM = W6F37622PU;
				INFOPLIST_FILE = "Fit&Firm/Info.plist";
				IPHONEOS_DEPLOYMENT_TARGET = 13.0;
				LD_RUNPATH_SEARCH_PATHS = (
					"$(inherited)",
					"@executable_path/Frameworks",
				);
				PRODUCT_BUNDLE_IDENTIFIER = "com.PMJs.Fit-Firm";
				PRODUCT_NAME = "$(TARGET_NAME)";
				SWIFT_VERSION = 5.0;
				TARGETED_DEVICE_FAMILY = "1,2";
			};
			name = Release;
		};
/* End XCBuildConfiguration section */

/* Begin XCConfigurationList section */
		A3A7A92E23CF8D3E00AFB4FE /* Build configuration list for PBXProject "Fit&Firm" */ = {
			isa = XCConfigurationList;
			buildConfigurations = (
				A3A7A94523CF8D4000AFB4FE /* Debug */,
				A3A7A94623CF8D4000AFB4FE /* Release */,
			);
			defaultConfigurationIsVisible = 0;
			defaultConfigurationName = Release;
		};
		A3A7A94723CF8D4000AFB4FE /* Build configuration list for PBXNativeTarget "Fit&Firm" */ = {
			isa = XCConfigurationList;
			buildConfigurations = (
				A3A7A94823CF8D4000AFB4FE /* Debug */,
				A3A7A94923CF8D4000AFB4FE /* Release */,
			);
			defaultConfigurationIsVisible = 0;
			defaultConfigurationName = Release;
		};
/* End XCConfigurationList section */
	};
	rootObject = A3A7A92B23CF8D3E00AFB4FE /* Project object */;
}
